// !$*UTF8*$!
{
	archiveVersion = 1;
	classes = {
	};
	objectVersion = 77;
	objects = {

/* Begin PBXContainerItemProxy section */
		348D10022D2EFC3200968B6D /* PBXContainerItemProxy */ = {
			isa = PBXContainerItemProxy;
			containerPortal = 348D0FE92D2EFC2F00968B6D /* Project object */;
			proxyType = 1;
			remoteGlobalIDString = 348D0FF02D2EFC2F00968B6D;
			remoteInfo = LetsLearnChinese;
		};
		348D100C2D2EFC3200968B6D /* PBXContainerItemProxy */ = {
			isa = PBXContainerItemProxy;
			containerPortal = 348D0FE92D2EFC2F00968B6D /* Project object */;
			proxyType = 1;
			remoteGlobalIDString = 348D0FF02D2EFC2F00968B6D;
			remoteInfo = LetsLearnChinese;
		};
/* End PBXContainerItemProxy section */

/* Begin PBXFileReference section */
		348D0FF12D2EFC2F00968B6D /* LetsLearnChinese.app */ = {isa = PBXFileReference; explicitFileType = wrapper.application; includeInIndex = 0; path = LetsLearnChinese.app; sourceTree = BUILT_PRODUCTS_DIR; };
		348D10012D2EFC3200968B6D /* LetsLearnChineseTests.xctest */ = {isa = PBXFileReference; explicitFileType = wrapper.cfbundle; includeInIndex = 0; path = LetsLearnChineseTests.xctest; sourceTree = BUILT_PRODUCTS_DIR; };
		348D100B2D2EFC3200968B6D /* LetsLearnChineseUITests.xctest */ = {isa = PBXFileReference; explicitFileType = wrapper.cfbundle; includeInIndex = 0; path = LetsLearnChineseUITests.xctest; sourceTree = BUILT_PRODUCTS_DIR; };
/* End PBXFileReference section */

/* Begin PBXFileSystemSynchronizedBuildFileExceptionSet section */
		348D11462D30BE7A00968B6D /* Exceptions for "LetsLearnChinese" folder in "LetsLearnChinese" target */ = {
			isa = PBXFileSystemSynchronizedBuildFileExceptionSet;
			membershipExceptions = (
				Fonts/Inknut_Antiqua/OFL.txt,
				Info.plist,
			);
			target = 348D0FF02D2EFC2F00968B6D /* LetsLearnChinese */;
		};
/* End PBXFileSystemSynchronizedBuildFileExceptionSet section */

/* Begin PBXFileSystemSynchronizedRootGroup section */
		348D0FF32D2EFC2F00968B6D /* LetsLearnChinese */ = {
			isa = PBXFileSystemSynchronizedRootGroup;
			exceptions = (
				348D11462D30BE7A00968B6D /* Exceptions for "LetsLearnChinese" folder in "LetsLearnChinese" target */,
			);
			path = LetsLearnChinese;
			sourceTree = "<group>";
		};
		348D10042D2EFC3200968B6D /* LetsLearnChineseTests */ = {
			isa = PBXFileSystemSynchronizedRootGroup;
			path = LetsLearnChineseTests;
			sourceTree = "<group>";
		};
		348D100E2D2EFC3200968B6D /* LetsLearnChineseUITests */ = {
			isa = PBXFileSystemSynchronizedRootGroup;
			path = LetsLearnChineseUITests;
			sourceTree = "<group>";
		};
/* End PBXFileSystemSynchronizedRootGroup section */

/* Begin PBXFrameworksBuildPhase section */
		348D0FEE2D2EFC2F00968B6D /* Frameworks */ = {
			isa = PBXFrameworksBuildPhase;
			buildActionMask = 2147483647;
			files = (
			);
			runOnlyForDeploymentPostprocessing = 0;
		};
		348D0FFE2D2EFC3200968B6D /* Frameworks */ = {
			isa = PBXFrameworksBuildPhase;
			buildActionMask = 2147483647;
			files = (
			);
			runOnlyForDeploymentPostprocessing = 0;
		};
		348D10082D2EFC3200968B6D /* Frameworks */ = {
			isa = PBXFrameworksBuildPhase;
			buildActionMask = 2147483647;
			files = (
			);
			runOnlyForDeploymentPostprocessing = 0;
		};
/* End PBXFrameworksBuildPhase section */

/* Begin PBXGroup section */
		348D0FE82D2EFC2F00968B6D = {
			isa = PBXGroup;
			children = (
				348D0FF32D2EFC2F00968B6D /* LetsLearnChinese */,
				348D10042D2EFC3200968B6D /* LetsLearnChineseTests */,
				348D100E2D2EFC3200968B6D /* LetsLearnChineseUITests */,
				348D0FF22D2EFC2F00968B6D /* Products */,
			);
			sourceTree = "<group>";
		};
		348D0FF22D2EFC2F00968B6D /* Products */ = {
			isa = PBXGroup;
			children = (
				348D0FF12D2EFC2F00968B6D /* LetsLearnChinese.app */,
				348D10012D2EFC3200968B6D /* LetsLearnChineseTests.xctest */,
				348D100B2D2EFC3200968B6D /* LetsLearnChineseUITests.xctest */,
			);
			name = Products;
			sourceTree = "<group>";
		};
/* End PBXGroup section */

/* Begin PBXNativeTarget section */
		348D0FF02D2EFC2F00968B6D /* LetsLearnChinese */ = {
			isa = PBXNativeTarget;
			buildConfigurationList = 348D10152D2EFC3200968B6D /* Build configuration list for PBXNativeTarget "LetsLearnChinese" */;
			buildPhases = (
				348D0FED2D2EFC2F00968B6D /* Sources */,
				348D0FEE2D2EFC2F00968B6D /* Frameworks */,
				348D0FEF2D2EFC2F00968B6D /* Resources */,
			);
			buildRules = (
			);
			dependencies = (
			);
			fileSystemSynchronizedGroups = (
				348D0FF32D2EFC2F00968B6D /* LetsLearnChinese */,
			);
			name = LetsLearnChinese;
			packageProductDependencies = (
			);
			productName = LetsLearnChinese;
			productReference = 348D0FF12D2EFC2F00968B6D /* LetsLearnChinese.app */;
			productType = "com.apple.product-type.application";
		};
		348D10002D2EFC3200968B6D /* LetsLearnChineseTests */ = {
			isa = PBXNativeTarget;
			buildConfigurationList = 348D10182D2EFC3200968B6D /* Build configuration list for PBXNativeTarget "LetsLearnChineseTests" */;
			buildPhases = (
				348D0FFD2D2EFC3200968B6D /* Sources */,
				348D0FFE2D2EFC3200968B6D /* Frameworks */,
				348D0FFF2D2EFC3200968B6D /* Resources */,
			);
			buildRules = (
			);
			dependencies = (
				348D10032D2EFC3200968B6D /* PBXTargetDependency */,
			);
			fileSystemSynchronizedGroups = (
				348D10042D2EFC3200968B6D /* LetsLearnChineseTests */,
			);
			name = LetsLearnChineseTests;
			packageProductDependencies = (
			);
			productName = LetsLearnChineseTests;
			productReference = 348D10012D2EFC3200968B6D /* LetsLearnChineseTests.xctest */;
			productType = "com.apple.product-type.bundle.unit-test";
		};
		348D100A2D2EFC3200968B6D /* LetsLearnChineseUITests */ = {
			isa = PBXNativeTarget;
			buildConfigurationList = 348D101B2D2EFC3200968B6D /* Build configuration list for PBXNativeTarget "LetsLearnChineseUITests" */;
			buildPhases = (
				348D10072D2EFC3200968B6D /* Sources */,
				348D10082D2EFC3200968B6D /* Frameworks */,
				348D10092D2EFC3200968B6D /* Resources */,
			);
			buildRules = (
			);
			dependencies = (
				348D100D2D2EFC3200968B6D /* PBXTargetDependency */,
			);
			fileSystemSynchronizedGroups = (
				348D100E2D2EFC3200968B6D /* LetsLearnChineseUITests */,
			);
			name = LetsLearnChineseUITests;
			packageProductDependencies = (
			);
			productName = LetsLearnChineseUITests;
			productReference = 348D100B2D2EFC3200968B6D /* LetsLearnChineseUITests.xctest */;
			productType = "com.apple.product-type.bundle.ui-testing";
		};
/* End PBXNativeTarget section */

/* Begin PBXProject section */
		348D0FE92D2EFC2F00968B6D /* Project object */ = {
			isa = PBXProject;
			attributes = {
				BuildIndependentTargetsInParallel = 1;
				LastSwiftUpdateCheck = 1620;
				LastUpgradeCheck = 1620;
				TargetAttributes = {
					348D0FF02D2EFC2F00968B6D = {
						CreatedOnToolsVersion = 16.2;
					};
					348D10002D2EFC3200968B6D = {
						CreatedOnToolsVersion = 16.2;
						TestTargetID = 348D0FF02D2EFC2F00968B6D;
					};
					348D100A2D2EFC3200968B6D = {
						CreatedOnToolsVersion = 16.2;
						TestTargetID = 348D0FF02D2EFC2F00968B6D;
					};
				};
			};
			buildConfigurationList = 348D0FEC2D2EFC2F00968B6D /* Build configuration list for PBXProject "LetsLearnChinese" */;
			developmentRegion = en;
			hasScannedForEncodings = 0;
			knownRegions = (
				en,
				Base,
			);
			mainGroup = 348D0FE82D2EFC2F00968B6D;
			minimizedProjectReferenceProxies = 1;
			preferredProjectObjectVersion = 77;
			productRefGroup = 348D0FF22D2EFC2F00968B6D /* Products */;
			projectDirPath = "";
			projectRoot = "";
			targets = (
				348D0FF02D2EFC2F00968B6D /* LetsLearnChinese */,
				348D10002D2EFC3200968B6D /* LetsLearnChineseTests */,
				348D100A2D2EFC3200968B6D /* LetsLearnChineseUITests */,
			);
		};
/* End PBXProject section */

/* Begin PBXResourcesBuildPhase section */
		348D0FEF2D2EFC2F00968B6D /* Resources */ = {
			isa = PBXResourcesBuildPhase;
			buildActionMask = 2147483647;
			files = (
			);
			runOnlyForDeploymentPostprocessing = 0;
		};
		348D0FFF2D2EFC3200968B6D /* Resources */ = {
			isa = PBXResourcesBuildPhase;
			buildActionMask = 2147483647;
			files = (
			);
			runOnlyForDeploymentPostprocessing = 0;
		};
		348D10092D2EFC3200968B6D /* Resources */ = {
			isa = PBXResourcesBuildPhase;
			buildActionMask = 2147483647;
			files = (
			);
			runOnlyForDeploymentPostprocessing = 0;
		};
/* End PBXResourcesBuildPhase section */

/* Begin PBXSourcesBuildPhase section */
		348D0FED2D2EFC2F00968B6D /* Sources */ = {
			isa = PBXSourcesBuildPhase;
			buildActionMask = 2147483647;
			files = (
			);
			runOnlyForDeploymentPostprocessing = 0;
		};
		348D0FFD2D2EFC3200968B6D /* Sources */ = {
			isa = PBXSourcesBuildPhase;
			buildActionMask = 2147483647;
			files = (
			);
			runOnlyForDeploymentPostprocessing = 0;
		};
		348D10072D2EFC3200968B6D /* Sources */ = {
			isa = PBXSourcesBuildPhase;
			buildActionMask = 2147483647;
			files = (
			);
			runOnlyForDeploymentPostprocessing = 0;
		};
/* End PBXSourcesBuildPhase section */

/* Begin PBXTargetDependency section */
		348D10032D2EFC3200968B6D /* PBXTargetDependency */ = {
			isa = PBXTargetDependency;
			target = 348D0FF02D2EFC2F00968B6D /* LetsLearnChinese */;
			targetProxy = 348D10022D2EFC3200968B6D /* PBXContainerItemProxy */;
		};
		348D100D2D2EFC3200968B6D /* PBXTargetDependency */ = {
			isa = PBXTargetDependency;
			target = 348D0FF02D2EFC2F00968B6D /* LetsLearnChinese */;
			targetProxy = 348D100C2D2EFC3200968B6D /* PBXContainerItemProxy */;
		};
/* End PBXTargetDependency section */

/* Begin XCBuildConfiguration section */
		348D10132D2EFC3200968B6D /* Debug */ = {
			isa = XCBuildConfiguration;
			buildSettings = {
				ALWAYS_SEARCH_USER_PATHS = NO;
				ASSETCATALOG_COMPILER_GENERATE_SWIFT_ASSET_SYMBOL_EXTENSIONS = YES;
				CLANG_ANALYZER_NONNULL = YES;
				CLANG_ANALYZER_NUMBER_OBJECT_CONVERSION = YES_AGGRESSIVE;
				CLANG_CXX_LANGUAGE_STANDARD = "gnu++20";
				CLANG_ENABLE_MODULES = YES;
				CLANG_ENABLE_OBJC_ARC = YES;
				CLANG_ENABLE_OBJC_WEAK = YES;
				CLANG_WARN_BLOCK_CAPTURE_AUTORELEASING = YES;
				CLANG_WARN_BOOL_CONVERSION = YES;
				CLANG_WARN_COMMA = YES;
				CLANG_WARN_CONSTANT_CONVERSION = YES;
				CLANG_WARN_DEPRECATED_OBJC_IMPLEMENTATIONS = YES;
				CLANG_WARN_DIRECT_OBJC_ISA_USAGE = YES_ERROR;
				CLANG_WARN_DOCUMENTATION_COMMENTS = YES;
				CLANG_WARN_EMPTY_BODY = YES;
				CLANG_WARN_ENUM_CONVERSION = YES;
				CLANG_WARN_INFINITE_RECURSION = YES;
				CLANG_WARN_INT_CONVERSION = YES;
				CLANG_WARN_NON_LITERAL_NULL_CONVERSION = YES;
				CLANG_WARN_OBJC_IMPLICIT_RETAIN_SELF = YES;
				CLANG_WARN_OBJC_LITERAL_CONVERSION = YES;
				CLANG_WARN_OBJC_ROOT_CLASS = YES_ERROR;
				CLANG_WARN_QUOTED_INCLUDE_IN_FRAMEWORK_HEADER = YES;
				CLANG_WARN_RANGE_LOOP_ANALYSIS = YES;
				CLANG_WARN_STRICT_PROTOTYPES = YES;
				CLANG_WARN_SUSPICIOUS_MOVE = YES;
				CLANG_WARN_UNGUARDED_AVAILABILITY = YES_AGGRESSIVE;
				CLANG_WARN_UNREACHABLE_CODE = YES;
				CLANG_WARN__DUPLICATE_METHOD_MATCH = YES;
				COPY_PHASE_STRIP = NO;
				DEBUG_INFORMATION_FORMAT = dwarf;
				ENABLE_STRICT_OBJC_MSGSEND = YES;
				ENABLE_TESTABILITY = YES;
				ENABLE_USER_SCRIPT_SANDBOXING = YES;
				GCC_C_LANGUAGE_STANDARD = gnu17;
				GCC_DYNAMIC_NO_PIC = NO;
				GCC_NO_COMMON_BLOCKS = YES;
				GCC_OPTIMIZATION_LEVEL = 0;
				GCC_PREPROCESSOR_DEFINITIONS = (
					"DEBUG=1",
					"$(inherited)",
				);
				GCC_WARN_64_TO_32_BIT_CONVERSION = YES;
				GCC_WARN_ABOUT_RETURN_TYPE = YES_ERROR;
				GCC_WARN_UNDECLARED_SELECTOR = YES;
				GCC_WARN_UNINITIALIZED_AUTOS = YES_AGGRESSIVE;
				GCC_WARN_UNUSED_FUNCTION = YES;
				GCC_WARN_UNUSED_VARIABLE = YES;
				IPHONEOS_DEPLOYMENT_TARGET = 18.2;
				LOCALIZATION_PREFERS_STRING_CATALOGS = YES;
				MTL_ENABLE_DEBUG_INFO = INCLUDE_SOURCE;
				MTL_FAST_MATH = YES;
				ONLY_ACTIVE_ARCH = YES;
				SDKROOT = iphoneos;
				SWIFT_ACTIVE_COMPILATION_CONDITIONS = "DEBUG $(inherited)";
				SWIFT_OPTIMIZATION_LEVEL = "-Onone";
			};
			name = Debug;
		};
		348D10142D2EFC3200968B6D /* Release */ = {
			isa = XCBuildConfiguration;
			buildSettings = {
				ALWAYS_SEARCH_USER_PATHS = NO;
				ASSETCATALOG_COMPILER_GENERATE_SWIFT_ASSET_SYMBOL_EXTENSIONS = YES;
				CLANG_ANALYZER_NONNULL = YES;
				CLANG_ANALYZER_NUMBER_OBJECT_CONVERSION = YES_AGGRESSIVE;
				CLANG_CXX_LANGUAGE_STANDARD = "gnu++20";
				CLANG_ENABLE_MODULES = YES;
				CLANG_ENABLE_OBJC_ARC = YES;
				CLANG_ENABLE_OBJC_WEAK = YES;
				CLANG_WARN_BLOCK_CAPTURE_AUTORELEASING = YES;
				CLANG_WARN_BOOL_CONVERSION = YES;
				CLANG_WARN_COMMA = YES;
				CLANG_WARN_CONSTANT_CONVERSION = YES;
				CLANG_WARN_DEPRECATED_OBJC_IMPLEMENTATIONS = YES;
				CLANG_WARN_DIRECT_OBJC_ISA_USAGE = YES_ERROR;
				CLANG_WARN_DOCUMENTATION_COMMENTS = YES;
				CLANG_WARN_EMPTY_BODY = YES;
				CLANG_WARN_ENUM_CONVERSION = YES;
				CLANG_WARN_INFINITE_RECURSION = YES;
				CLANG_WARN_INT_CONVERSION = YES;
				CLANG_WARN_NON_LITERAL_NULL_CONVERSION = YES;
				CLANG_WARN_OBJC_IMPLICIT_RETAIN_SELF = YES;
				CLANG_WARN_OBJC_LITERAL_CONVERSION = YES;
				CLANG_WARN_OBJC_ROOT_CLASS = YES_ERROR;
				CLANG_WARN_QUOTED_INCLUDE_IN_FRAMEWORK_HEADER = YES;
				CLANG_WARN_RANGE_LOOP_ANALYSIS = YES;
				CLANG_WARN_STRICT_PROTOTYPES = YES;
				CLANG_WARN_SUSPICIOUS_MOVE = YES;
				CLANG_WARN_UNGUARDED_AVAILABILITY = YES_AGGRESSIVE;
				CLANG_WARN_UNREACHABLE_CODE = YES;
				CLANG_WARN__DUPLICATE_METHOD_MATCH = YES;
				COPY_PHASE_STRIP = NO;
				DEBUG_INFORMATION_FORMAT = "dwarf-with-dsym";
				ENABLE_NS_ASSERTIONS = NO;
				ENABLE_STRICT_OBJC_MSGSEND = YES;
				ENABLE_USER_SCRIPT_SANDBOXING = YES;
				GCC_C_LANGUAGE_STANDARD = gnu17;
				GCC_NO_COMMON_BLOCKS = YES;
				GCC_WARN_64_TO_32_BIT_CONVERSION = YES;
				GCC_WARN_ABOUT_RETURN_TYPE = YES_ERROR;
				GCC_WARN_UNDECLARED_SELECTOR = YES;
				GCC_WARN_UNINITIALIZED_AUTOS = YES_AGGRESSIVE;
				GCC_WARN_UNUSED_FUNCTION = YES;
				GCC_WARN_UNUSED_VARIABLE = YES;
				IPHONEOS_DEPLOYMENT_TARGET = 18.2;
				LOCALIZATION_PREFERS_STRING_CATALOGS = YES;
				MTL_ENABLE_DEBUG_INFO = NO;
				MTL_FAST_MATH = YES;
				SDKROOT = iphoneos;
				SWIFT_COMPILATION_MODE = wholemodule;
				VALIDATE_PRODUCT = YES;
			};
			name = Release;
		};
		348D10162D2EFC3200968B6D /* Debug */ = {
			isa = XCBuildConfiguration;
			buildSettings = {
				ASSETCATALOG_COMPILER_APPICON_NAME = AppIcon;
				ASSETCATALOG_COMPILER_GLOBAL_ACCENT_COLOR_NAME = AccentColor;
				CODE_SIGN_STYLE = Automatic;
				CURRENT_PROJECT_VERSION = 4;
				DEVELOPMENT_ASSET_PATHS = "\"LetsLearnChinese/Preview Content\"";
				DEVELOPMENT_TEAM = PUR3WH3BB3;
				ENABLE_PREVIEWS = YES;
				GENERATE_INFOPLIST_FILE = YES;
				INFOPLIST_FILE = LetsLearnChinese/Info.plist;
				INFOPLIST_KEY_CFBundleDisplayName = "Learn Chinese";
				INFOPLIST_KEY_LSApplicationCategoryType = "public.app-category.education";
				INFOPLIST_KEY_UIApplicationSceneManifest_Generation = YES;
				INFOPLIST_KEY_UIApplicationSupportsIndirectInputEvents = YES;
				INFOPLIST_KEY_UILaunchScreen_Generation = YES;
				INFOPLIST_KEY_UIStatusBarStyle = "";
				INFOPLIST_KEY_UISupportedInterfaceOrientations = UIInterfaceOrientationPortrait;
				INFOPLIST_KEY_UISupportedInterfaceOrientations_iPad = "UIInterfaceOrientationLandscapeLeft UIInterfaceOrientationLandscapeRight UIInterfaceOrientationPortrait UIInterfaceOrientationPortraitUpsideDown";
				IPHONEOS_DEPLOYMENT_TARGET = 17.6;
				LD_RUNPATH_SEARCH_PATHS = (
					"$(inherited)",
					"@executable_path/Frameworks",
				);
				MARKETING_VERSION = 1.0;
				PRODUCT_BUNDLE_IDENTIFIER = com.Nikolai.llChinApp;
				PRODUCT_NAME = "$(TARGET_NAME)";
				SUPPORTED_PLATFORMS = "iphoneos iphonesimulator";
				SUPPORTS_MACCATALYST = NO;
				SUPPORTS_MAC_DESIGNED_FOR_IPHONE_IPAD = NO;
				SUPPORTS_XR_DESIGNED_FOR_IPHONE_IPAD = NO;
				SWIFT_EMIT_LOC_STRINGS = YES;
				SWIFT_VERSION = 5.0;
				TARGETED_DEVICE_FAMILY = 1;
			};
			name = Debug;
		};
		348D10172D2EFC3200968B6D /* Release */ = {
			isa = XCBuildConfiguration;
			buildSettings = {
				ASSETCATALOG_COMPILER_APPICON_NAME = AppIcon;
				ASSETCATALOG_COMPILER_GLOBAL_ACCENT_COLOR_NAME = AccentColor;
				CODE_SIGN_STYLE = Automatic;
				CURRENT_PROJECT_VERSION = 4;
				DEVELOPMENT_ASSET_PATHS = "\"LetsLearnChinese/Preview Content\"";
				DEVELOPMENT_TEAM = PUR3WH3BB3;
				ENABLE_PREVIEWS = YES;
				GENERATE_INFOPLIST_FILE = YES;
				INFOPLIST_FILE = LetsLearnChinese/Info.plist;
				INFOPLIST_KEY_CFBundleDisplayName = "Learn Chinese";
				INFOPLIST_KEY_LSApplicationCategoryType = "public.app-category.education";
				INFOPLIST_KEY_UIApplicationSceneManifest_Generation = YES;
				INFOPLIST_KEY_UIApplicationSupportsIndirectInputEvents = YES;
				INFOPLIST_KEY_UILaunchScreen_Generation = YES;
				INFOPLIST_KEY_UIStatusBarStyle = "";
				INFOPLIST_KEY_UISupportedInterfaceOrientations = UIInterfaceOrientationPortrait;
				INFOPLIST_KEY_UISupportedInterfaceOrientations_iPad = "UIInterfaceOrientationLandscapeLeft UIInterfaceOrientationLandscapeRight UIInterfaceOrientationPortrait UIInterfaceOrientationPortraitUpsideDown";
				IPHONEOS_DEPLOYMENT_TARGET = 17.6;
				LD_RUNPATH_SEARCH_PATHS = (
					"$(inherited)",
					"@executable_path/Frameworks",
				);
				MARKETING_VERSION = 1.0;
				PRODUCT_BUNDLE_IDENTIFIER = com.Nikolai.llChinApp;
				PRODUCT_NAME = "$(TARGET_NAME)";
				SUPPORTED_PLATFORMS = "iphoneos iphonesimulator";
				SUPPORTS_MACCATALYST = NO;
				SUPPORTS_MAC_DESIGNED_FOR_IPHONE_IPAD = NO;
				SUPPORTS_XR_DESIGNED_FOR_IPHONE_IPAD = NO;
				SWIFT_EMIT_LOC_STRINGS = YES;
				SWIFT_VERSION = 5.0;
				TARGETED_DEVICE_FAMILY = 1;
			};
			name = Release;
		};
		348D10192D2EFC3200968B6D /* Debug */ = {
			isa = XCBuildConfiguration;
			buildSettings = {
				BUNDLE_LOADER = "$(TEST_HOST)";
				CODE_SIGN_STYLE = Automatic;
				CURRENT_PROJECT_VERSION = 1;
				GENERATE_INFOPLIST_FILE = YES;
				IPHONEOS_DEPLOYMENT_TARGET = 18.2;
				MARKETING_VERSION = 1.0;
				PRODUCT_BUNDLE_IDENTIFIER = Nikolai.LetsLearnChineseTests;
				PRODUCT_NAME = "$(TARGET_NAME)";
				SWIFT_EMIT_LOC_STRINGS = NO;
				SWIFT_VERSION = 5.0;
				TARGETED_DEVICE_FAMILY = "1,2";
				TEST_HOST = "$(BUILT_PRODUCTS_DIR)/LetsLearnChinese.app/$(BUNDLE_EXECUTABLE_FOLDER_PATH)/LetsLearnChinese";
			};
			name = Debug;
		};
		348D101A2D2EFC3200968B6D /* Release */ = {
			isa = XCBuildConfiguration;
			buildSettings = {
				BUNDLE_LOADER = "$(TEST_HOST)";
				CODE_SIGN_STYLE = Automatic;
				CURRENT_PROJECT_VERSION = 1;
				GENERATE_INFOPLIST_FILE = YES;
				IPHONEOS_DEPLOYMENT_TARGET = 18.2;
				MARKETING_VERSION = 1.0;
				PRODUCT_BUNDLE_IDENTIFIER = Nikolai.LetsLearnChineseTests;
				PRODUCT_NAME = "$(TARGET_NAME)";
				SWIFT_EMIT_LOC_STRINGS = NO;
				SWIFT_VERSION = 5.0;
				TARGETED_DEVICE_FAMILY = "1,2";
				TEST_HOST = "$(BUILT_PRODUCTS_DIR)/LetsLearnChinese.app/$(BUNDLE_EXECUTABLE_FOLDER_PATH)/LetsLearnChinese";
			};
			name = Release;
		};
		348D101C2D2EFC3200968B6D /* Debug */ = {
			isa = XCBuildConfiguration;
			buildSettings = {
				CODE_SIGN_STYLE = Automatic;
				CURRENT_PROJECT_VERSION = 1;
				GENERATE_INFOPLIST_FILE = YES;
				MARKETING_VERSION = 1.0;
				PRODUCT_BUNDLE_IDENTIFIER = Nikolai.LetsLearnChineseUITests;
				PRODUCT_NAME = "$(TARGET_NAME)";
				SWIFT_EMIT_LOC_STRINGS = NO;
				SWIFT_VERSION = 5.0;
				TARGETED_DEVICE_FAMILY = "1,2";
				TEST_TARGET_NAME = LetsLearnChinese;
			};
			name = Debug;
		};
		348D101D2D2EFC3200968B6D /* Release */ = {
			isa = XCBuildConfiguration;
			buildSettings = {
				CODE_SIGN_STYLE = Automatic;
				CURRENT_PROJECT_VERSION = 1;
				GENERATE_INFOPLIST_FILE = YES;
				MARKETING_VERSION = 1.0;
				PRODUCT_BUNDLE_IDENTIFIER = Nikolai.LetsLearnChineseUITests;
				PRODUCT_NAME = "$(TARGET_NAME)";
				SWIFT_EMIT_LOC_STRINGS = NO;
				SWIFT_VERSION = 5.0;
				TARGETED_DEVICE_FAMILY = "1,2";
				TEST_TARGET_NAME = LetsLearnChinese;
			};
			name = Release;
		};
/* End XCBuildConfiguration section */

/* Begin XCConfigurationList section */
		348D0FEC2D2EFC2F00968B6D /* Build configuration list for PBXProject "LetsLearnChinese" */ = {
			isa = XCConfigurationList;
			buildConfigurations = (
				348D10132D2EFC3200968B6D /* Debug */,
				348D10142D2EFC3200968B6D /* Release */,
			);
			defaultConfigurationIsVisible = 0;
			defaultConfigurationName = Release;
		};
		348D10152D2EFC3200968B6D /* Build configuration list for PBXNativeTarget "LetsLearnChinese" */ = {
			isa = XCConfigurationList;
			buildConfigurations = (
				348D10162D2EFC3200968B6D /* Debug */,
				348D10172D2EFC3200968B6D /* Release */,
			);
			defaultConfigurationIsVisible = 0;
			defaultConfigurationName = Release;
		};
		348D10182D2EFC3200968B6D /* Build configuration list for PBXNativeTarget "LetsLearnChineseTests" */ = {
			isa = XCConfigurationList;
			buildConfigurations = (
				348D10192D2EFC3200968B6D /* Debug */,
				348D101A2D2EFC3200968B6D /* Release */,
			);
			defaultConfigurationIsVisible = 0;
			defaultConfigurationName = Release;
		};
		348D101B2D2EFC3200968B6D /* Build configuration list for PBXNativeTarget "LetsLearnChineseUITests" */ = {
			isa = XCConfigurationList;
			buildConfigurations = (
				348D101C2D2EFC3200968B6D /* Debug */,
				348D101D2D2EFC3200968B6D /* Release */,
			);
			defaultConfigurationIsVisible = 0;
			defaultConfigurationName = Release;
		};
/* End XCConfigurationList section */
	};
	rootObject = 348D0FE92D2EFC2F00968B6D /* Project object */;
}
